Microsoft Visual Studio Solution File, Format Version 12.00
# Visual Studio Version 17
VisualStudioVersion = 17.5.2.0
MinimumVisualStudioVersion = 10.0.40219.1
Project("{2150E333-8FDC-42A3-9474-1A3956D46DE8}") = "First", "First", "{5972DD5C-6A8A-8313-D67A-C6A48540CC1A}"
EndProject
Project("{2150E333-8FDC-42A3-9474-1A3956D46DE8}") = "Projects", "Projects", "{3D7D6FF8-6843-2E95-F78B-660D1B6458CA}"
EndProject
Project("{2150E333-8FDC-42A3-9474-1A3956D46DE8}") = "C#", "C#", "{BE1FE163-FBF5-F32A-447F-384EDC9A8ED2}"
EndProject
Project("{FAE04EC0-301F-11D3-BF4B-00C04F79EFBC}") = "pr", "First\Projects\C#\pr\pr.csproj", "{E647CB8C-95F7-5832-6A8D-49521BAAB643}"
EndProject
Global
	GlobalSection(SolutionConfigurationPlatforms) = preSolution
		Debug|Any CPU = Debug|Any CPU
		Release|Any CPU = Release|Any CPU
	EndGlobalSection
	GlobalSection(ProjectConfigurationPlatforms) = postSolution
		{E647CB8C-95F7-5832-6A8D-49521BAAB643}.Debug|Any CPU.ActiveCfg = Debug|Any CPU
		{E647CB8C-95F7-5832-6A8D-49521BAAB643}.Debug|Any CPU.Build.0 = Debug|Any CPU
		{E647CB8C-95F7-5832-6A8D-49521BAAB643}.Release|Any CPU.ActiveCfg = Release|Any CPU
		{E647CB8C-95F7-5832-6A8D-49521BAAB643}.Release|Any CPU.Build.0 = Release|Any CPU
	EndGlobalSection
	GlobalSection(SolutionProperties) = preSolution
		HideSolutionNode = FALSE
	EndGlobalSection
	GlobalSection(NestedProjects) = preSolution
		{3D7D6FF8-6843-2E95-F78B-660D1B6458CA} = {5972DD5C-6A8A-8313-D67A-C6A48540CC1A}
		{BE1FE163-FBF5-F32A-447F-384EDC9A8ED2} = {3D7D6FF8-6843-2E95-F78B-660D1B6458CA}
		{E647CB8C-95F7-5832-6A8D-49521BAAB643} = {BE1FE163-FBF5-F32A-447F-384EDC9A8ED2}
	EndGlobalSection
	GlobalSection(ExtensibilityGlobals) = postSolution
		SolutionGuid = {5CDCFBBF-D7BF-43BF-882C-DAD28825FEED}
	EndGlobalSection
EndGlobal
