Microsoft Visual Studio Solution File, Format Version 12.00
# Visual Studio Version 17
VisualStudioVersion = 17.5.2.0
MinimumVisualStudioVersion = 10.0.40219.1
Project("{2150E333-8FDC-42A3-9474-1A3956D46DE8}") = "First", "First", "{5972DD5C-6A8A-8313-D67A-C6A48540CC1A}"
EndProject
Project("{2150E333-8FDC-42A3-9474-1A3956D46DE8}") = "Projects", "Projects", "{3D7D6FF8-6843-2E95-F78B-660D1B6458CA}"
EndProject
Project("{2150E333-8FDC-42A3-9474-1A3956D46DE8}") = "C#", "C#", "{BE1FE163-FBF5-F32A-447F-384EDC9A8ED2}"
EndProject
Project("{FAE04EC0-301F-11D3-BF4B-00C04F79EFBC}") = "pr", "First\Projects\C#\pr\pr.csproj", "{E647CB8C-95F7-5832-6A8D-49521BAAB643}"
EndProject
Project("{FAE04EC0-301F-11D3-BF4B-00C04F79EFBC}") = "Polynomial", "Polynomial\Polynomial.csproj", "{50BD2A5F-706A-4059-9C8F-613D31052B5E}"
EndProject
Project("{FAE04EC0-301F-11D3-BF4B-00C04F79EFBC}") = "Polenomial", "Polenomial\Polenomial.csproj", "{8821A4BB-3B8D-433B-9689-7B92BDF3BCB5}"
EndProject
Project("{2150E333-8FDC-42A3-9474-1A3956D46DE8}") = "Homeworks", "Homeworks", "{6773A4FC-DC59-4447-9663-EC0947D8D41E}"
EndProject
Project("{2150E333-8FDC-42A3-9474-1A3956D46DE8}") = "HW3", "HW3", "{F9DE6EB7-13D3-4F42-B963-D4008FD38D2F}"
EndProject
Project("{FAE04EC0-301F-11D3-BF4B-00C04F79EFBC}") = "Polynomial", "Homeworks\HW3\Polynomial\Polynomial.csproj", "{EAFF516A-A896-462C-AF3E-0F2993193BBC}"
EndProject
Project("{2150E333-8FDC-42A3-9474-1A3956D46DE8}") = "Projects", "Projects", "{5976F3E2-6D4F-49F8-BEFD-1597D1DC5339}"
EndProject
Project("{2150E333-8FDC-42A3-9474-1A3956D46DE8}") = "C#", "C#", "{38D64637-EE8C-40B6-8ACC-191498870A2E}"
EndProject
Project("{FAE04EC0-301F-11D3-BF4B-00C04F79EFBC}") = "Animal", "Projects\C#\Animal\Animal.csproj", "{BB549DE4-A8EE-4135-AF80-E4BDFDD3727D}"
EndProject
Project("{2150E333-8FDC-42A3-9474-1A3956D46DE8}") = "HW4", "HW4", "{E8FA6D95-F10C-4FD3-A4C6-B50B1FA25E57}"
EndProject
Project("{FAE04EC0-301F-11D3-BF4B-00C04F79EFBC}") = "Student", "Homeworks\HW4\Student\Student.csproj", "{163C0FC5-CFC4-4E5E-9B29-069156823479}"
EndProject
Global
	GlobalSection(SolutionConfigurationPlatforms) = preSolution
		Debug|Any CPU = Debug|Any CPU
		Release|Any CPU = Release|Any CPU
	EndGlobalSection
	GlobalSection(ProjectConfigurationPlatforms) = postSolution
		{E647CB8C-95F7-5832-6A8D-49521BAAB643}.Debug|Any CPU.ActiveCfg = Debug|Any CPU
		{E647CB8C-95F7-5832-6A8D-49521BAAB643}.Debug|Any CPU.Build.0 = Debug|Any CPU
		{E647CB8C-95F7-5832-6A8D-49521BAAB643}.Release|Any CPU.ActiveCfg = Release|Any CPU
		{E647CB8C-95F7-5832-6A8D-49521BAAB643}.Release|Any CPU.Build.0 = Release|Any CPU
		{50BD2A5F-706A-4059-9C8F-613D31052B5E}.Debug|Any CPU.ActiveCfg = Debug|Any CPU
		{50BD2A5F-706A-4059-9C8F-613D31052B5E}.Debug|Any CPU.Build.0 = Debug|Any CPU
		{50BD2A5F-706A-4059-9C8F-613D31052B5E}.Release|Any CPU.ActiveCfg = Release|Any CPU
		{50BD2A5F-706A-4059-9C8F-613D31052B5E}.Release|Any CPU.Build.0 = Release|Any CPU
		{8821A4BB-3B8D-433B-9689-7B92BDF3BCB5}.Debug|Any CPU.ActiveCfg = Debug|Any CPU
		{8821A4BB-3B8D-433B-9689-7B92BDF3BCB5}.Debug|Any CPU.Build.0 = Debug|Any CPU
		{8821A4BB-3B8D-433B-9689-7B92BDF3BCB5}.Release|Any CPU.ActiveCfg = Release|Any CPU
		{8821A4BB-3B8D-433B-9689-7B92BDF3BCB5}.Release|Any CPU.Build.0 = Release|Any CPU
		{EAFF516A-A896-462C-AF3E-0F2993193BBC}.Debug|Any CPU.ActiveCfg = Debug|Any CPU
		{EAFF516A-A896-462C-AF3E-0F2993193BBC}.Debug|Any CPU.Build.0 = Debug|Any CPU
		{EAFF516A-A896-462C-AF3E-0F2993193BBC}.Release|Any CPU.ActiveCfg = Release|Any CPU
		{EAFF516A-A896-462C-AF3E-0F2993193BBC}.Release|Any CPU.Build.0 = Release|Any CPU
		{BB549DE4-A8EE-4135-AF80-E4BDFDD3727D}.Debug|Any CPU.ActiveCfg = Debug|Any CPU
		{BB549DE4-A8EE-4135-AF80-E4BDFDD3727D}.Debug|Any CPU.Build.0 = Debug|Any CPU
		{BB549DE4-A8EE-4135-AF80-E4BDFDD3727D}.Release|Any CPU.ActiveCfg = Release|Any CPU
		{BB549DE4-A8EE-4135-AF80-E4BDFDD3727D}.Release|Any CPU.Build.0 = Release|Any CPU
		{163C0FC5-CFC4-4E5E-9B29-069156823479}.Debug|Any CPU.ActiveCfg = Debug|Any CPU
		{163C0FC5-CFC4-4E5E-9B29-069156823479}.Debug|Any CPU.Build.0 = Debug|Any CPU
		{163C0FC5-CFC4-4E5E-9B29-069156823479}.Release|Any CPU.ActiveCfg = Release|Any CPU
		{163C0FC5-CFC4-4E5E-9B29-069156823479}.Release|Any CPU.Build.0 = Release|Any CPU
	EndGlobalSection
	GlobalSection(SolutionProperties) = preSolution
		HideSolutionNode = FALSE
	EndGlobalSection
	GlobalSection(NestedProjects) = preSolution
		{3D7D6FF8-6843-2E95-F78B-660D1B6458CA} = {5972DD5C-6A8A-8313-D67A-C6A48540CC1A}
		{BE1FE163-FBF5-F32A-447F-384EDC9A8ED2} = {3D7D6FF8-6843-2E95-F78B-660D1B6458CA}
		{E647CB8C-95F7-5832-6A8D-49521BAAB643} = {BE1FE163-FBF5-F32A-447F-384EDC9A8ED2}
		{F9DE6EB7-13D3-4F42-B963-D4008FD38D2F} = {6773A4FC-DC59-4447-9663-EC0947D8D41E}
		{EAFF516A-A896-462C-AF3E-0F2993193BBC} = {F9DE6EB7-13D3-4F42-B963-D4008FD38D2F}
		{38D64637-EE8C-40B6-8ACC-191498870A2E} = {5976F3E2-6D4F-49F8-BEFD-1597D1DC5339}
		{BB549DE4-A8EE-4135-AF80-E4BDFDD3727D} = {38D64637-EE8C-40B6-8ACC-191498870A2E}
		{E8FA6D95-F10C-4FD3-A4C6-B50B1FA25E57} = {6773A4FC-DC59-4447-9663-EC0947D8D41E}
		{163C0FC5-CFC4-4E5E-9B29-069156823479} = {E8FA6D95-F10C-4FD3-A4C6-B50B1FA25E57}
	EndGlobalSection
	GlobalSection(ExtensibilityGlobals) = postSolution
		SolutionGuid = {5CDCFBBF-D7BF-43BF-882C-DAD28825FEED}
	EndGlobalSection
EndGlobal
